// !$*UTF8*$!
{
	archiveVersion = 1;
	classes = {
	};
	objectVersion = 46;
	objects = {

/* Begin PBXBuildFile section */
		BACA76A11E6D95330069860E /* interface.cpp in Sources */ = {isa = PBXBuildFile; fileRef = BACA769C1E6D95330069860E /* interface.cpp */; };
/* End PBXBuildFile section */

/* Begin PBXFileReference section */
		BAAF52321E382E2900A2ECCE /* UnityPlugin.bundle */ = {isa = PBXFileReference; explicitFileType = wrapper.cfbundle; includeInIndex = 0; path = UnityPlugin.bundle; sourceTree = BUILT_PRODUCTS_DIR; };
		BAAF52351E382E2900A2ECCE /* Info.plist */ = {isa = PBXFileReference; lastKnownFileType = text.plist.xml; path = Info.plist; sourceTree = "<group>"; };
		BACA769C1E6D95330069860E /* interface.cpp */ = {isa = PBXFileReference; fileEncoding = 4; lastKnownFileType = sourcecode.cpp.cpp; name = interface.cpp; path = ../../../Assets/PluginWork/Sources/interface.cpp; sourceTree = "<group>"; };
		BACA769D1E6D95330069860E /* interface.hpp */ = {isa = PBXFileReference; fileEncoding = 4; lastKnownFileType = sourcecode.cpp.h; name = interface.hpp; path = ../../../Assets/PluginWork/Sources/interface.hpp; sourceTree = "<group>"; };
		BACA769E1E6D95330069860E /* Matrix.hpp */ = {isa = PBXFileReference; fileEncoding = 4; lastKnownFileType = sourcecode.cpp.h; name = Matrix.hpp; path = ../../../Assets/PluginWork/Sources/Matrix.hpp; sourceTree = "<group>"; };
		BACA769F1E6D95330069860E /* types.h */ = {isa = PBXFileReference; fileEncoding = 4; lastKnownFileType = sourcecode.c.h; name = types.h; path = ../../../Assets/PluginWork/Sources/types.h; sourceTree = "<group>"; };
		BACA76A01E6D95330069860E /* Vector.hpp */ = {isa = PBXFileReference; fileEncoding = 4; lastKnownFileType = sourcecode.cpp.h; name = Vector.hpp; path = ../../../Assets/PluginWork/Sources/Vector.hpp; sourceTree = "<group>"; };
/* End PBXFileReference section */

/* Begin PBXFrameworksBuildPhase section */
		BAAF522F1E382E2900A2ECCE /* Frameworks */ = {
			isa = PBXFrameworksBuildPhase;
			buildActionMask = 2147483647;
			files = (
			);
			runOnlyForDeploymentPostprocessing = 0;
		};
/* End PBXFrameworksBuildPhase section */

/* Begin PBXGroup section */
		BAAF52291E382E2900A2ECCE = {
			isa = PBXGroup;
			children = (
				BACA769C1E6D95330069860E /* interface.cpp */,
				BACA769D1E6D95330069860E /* interface.hpp */,
				BACA769E1E6D95330069860E /* Matrix.hpp */,
				BACA769F1E6D95330069860E /* types.h */,
				BACA76A01E6D95330069860E /* Vector.hpp */,
				BAAF52341E382E2900A2ECCE /* UnityPlugin */,
				BAAF52331E382E2900A2ECCE /* Products */,
			);
			sourceTree = "<group>";
		};
		BAAF52331E382E2900A2ECCE /* Products */ = {
			isa = PBXGroup;
			children = (
				BAAF52321E382E2900A2ECCE /* UnityPlugin.bundle */,
			);
			name = Products;
			sourceTree = "<group>";
		};
		BAAF52341E382E2900A2ECCE /* UnityPlugin */ = {
			isa = PBXGroup;
			children = (
				BAAF52351E382E2900A2ECCE /* Info.plist */,
			);
			path = UnityPlugin;
			sourceTree = "<group>";
		};
/* End PBXGroup section */

/* Begin PBXNativeTarget section */
		BAAF52311E382E2900A2ECCE /* UnityPlugin */ = {
			isa = PBXNativeTarget;
			buildConfigurationList = BAAF52381E382E2900A2ECCE /* Build configuration list for PBXNativeTarget "UnityPlugin" */;
			buildPhases = (
				BAAF522E1E382E2900A2ECCE /* Sources */,
				BAAF522F1E382E2900A2ECCE /* Frameworks */,
				BAAF52301E382E2900A2ECCE /* Resources */,
			);
			buildRules = (
			);
			dependencies = (
			);
			name = UnityPlugin;
			productName = UnityPlugin;
			productReference = BAAF52321E382E2900A2ECCE /* UnityPlugin.bundle */;
			productType = "com.apple.product-type.bundle";
		};
/* End PBXNativeTarget section */

/* Begin PBXProject section */
		BAAF522A1E382E2900A2ECCE /* Project object */ = {
			isa = PBXProject;
			attributes = {
				LastUpgradeCheck = 0820;
				ORGANIZATIONNAME = "安原祐二";
				TargetAttributes = {
					BAAF52311E382E2900A2ECCE = {
						CreatedOnToolsVersion = 8.2.1;
						DevelopmentTeam = R78QNQ6ACJ;
						ProvisioningStyle = Automatic;
					};
				};
			};
			buildConfigurationList = BAAF522D1E382E2900A2ECCE /* Build configuration list for PBXProject "UnityPlugin" */;
			compatibilityVersion = "Xcode 3.2";
			developmentRegion = English;
			hasScannedForEncodings = 0;
			knownRegions = (
				en,
			);
			mainGroup = BAAF52291E382E2900A2ECCE;
			productRefGroup = BAAF52331E382E2900A2ECCE /* Products */;
			projectDirPath = "";
			projectRoot = "";
			targets = (
				BAAF52311E382E2900A2ECCE /* UnityPlugin */,
			);
		};
/* End PBXProject section */

/* Begin PBXResourcesBuildPhase section */
		BAAF52301E382E2900A2ECCE /* Resources */ = {
			isa = PBXResourcesBuildPhase;
			buildActionMask = 2147483647;
			files = (
			);
			runOnlyForDeploymentPostprocessing = 0;
		};
/* End PBXResourcesBuildPhase section */

/* Begin PBXSourcesBuildPhase section */
		BAAF522E1E382E2900A2ECCE /* Sources */ = {
			isa = PBXSourcesBuildPhase;
			buildActionMask = 2147483647;
			files = (
				BACA76A11E6D95330069860E /* interface.cpp in Sources */,
			);
			runOnlyForDeploymentPostprocessing = 0;
		};
/* End PBXSourcesBuildPhase section */

/* Begin XCBuildConfiguration section */
		BAAF52361E382E2900A2ECCE /* Debug */ = {
			isa = XCBuildConfiguration;
			buildSettings = {
				ALWAYS_SEARCH_USER_PATHS = NO;
				CLANG_ANALYZER_NONNULL = YES;
				CLANG_CXX_LANGUAGE_STANDARD = "gnu++0x";
				CLANG_CXX_LIBRARY = "libc++";
				CLANG_ENABLE_MODULES = YES;
				CLANG_ENABLE_OBJC_ARC = YES;
				CLANG_WARN_BOOL_CONVERSION = YES;
				CLANG_WARN_CONSTANT_CONVERSION = YES;
				CLANG_WARN_DIRECT_OBJC_ISA_USAGE = YES_ERROR;
				CLANG_WARN_DOCUMENTATION_COMMENTS = YES;
				CLANG_WARN_EMPTY_BODY = YES;
				CLANG_WARN_ENUM_CONVERSION = YES;
				CLANG_WARN_INFINITE_RECURSION = YES;
				CLANG_WARN_INT_CONVERSION = YES;
				CLANG_WARN_OBJC_ROOT_CLASS = YES_ERROR;
				CLANG_WARN_SUSPICIOUS_MOVE = YES;
				CLANG_WARN_UNREACHABLE_CODE = YES;
				CLANG_WARN__DUPLICATE_METHOD_MATCH = YES;
				CODE_SIGN_IDENTITY = "-";
				COPY_PHASE_STRIP = NO;
				DEBUG_INFORMATION_FORMAT = dwarf;
				ENABLE_STRICT_OBJC_MSGSEND = YES;
				ENABLE_TESTABILITY = YES;
				GCC_C_LANGUAGE_STANDARD = gnu99;
				GCC_DYNAMIC_NO_PIC = NO;
				GCC_NO_COMMON_BLOCKS = YES;
				GCC_OPTIMIZATION_LEVEL = 0;
				GCC_PREPROCESSOR_DEFINITIONS = (
					"DEBUG=1",
					"$(inherited)",
				);
				GCC_WARN_64_TO_32_BIT_CONVERSION = YES;
				GCC_WARN_ABOUT_RETURN_TYPE = YES_ERROR;
				GCC_WARN_UNDECLARED_SELECTOR = YES;
				GCC_WARN_UNINITIALIZED_AUTOS = YES_AGGRESSIVE;
				GCC_WARN_UNUSED_FUNCTION = YES;
				GCC_WARN_UNUSED_VARIABLE = YES;
				MACOSX_DEPLOYMENT_TARGET = 10.12;
				MTL_ENABLE_DEBUG_INFO = YES;
				ONLY_ACTIVE_ARCH = YES;
				SDKROOT = macosx;
			};
			name = Debug;
		};
		BAAF52371E382E2900A2ECCE /* Release */ = {
			isa = XCBuildConfiguration;
			buildSettings = {
				ALWAYS_SEARCH_USER_PATHS = NO;
				CLANG_ANALYZER_NONNULL = YES;
				CLANG_CXX_LANGUAGE_STANDARD = "gnu++0x";
				CLANG_CXX_LIBRARY = "libc++";
				CLANG_ENABLE_MODULES = YES;
				CLANG_ENABLE_OBJC_ARC = YES;
				CLANG_WARN_BOOL_CONVERSION = YES;
				CLANG_WARN_CONSTANT_CONVERSION = YES;
				CLANG_WARN_DIRECT_OBJC_ISA_USAGE = YES_ERROR;
				CLANG_WARN_DOCUMENTATION_COMMENTS = YES;
				CLANG_WARN_EMPTY_BODY = YES;
				CLANG_WARN_ENUM_CONVERSION = YES;
				CLANG_WARN_INFINITE_RECURSION = YES;
				CLANG_WARN_INT_CONVERSION = YES;
				CLANG_WARN_OBJC_ROOT_CLASS = YES_ERROR;
				CLANG_WARN_SUSPICIOUS_MOVE = YES;
				CLANG_WARN_UNREACHABLE_CODE = YES;
				CLANG_WARN__DUPLICATE_METHOD_MATCH = YES;
				CODE_SIGN_IDENTITY = "-";
				COPY_PHASE_STRIP = NO;
				DEBUG_INFORMATION_FORMAT = "dwarf-with-dsym";
				ENABLE_NS_ASSERTIONS = NO;
				ENABLE_STRICT_OBJC_MSGSEND = YES;
				GCC_C_LANGUAGE_STANDARD = gnu99;
				GCC_NO_COMMON_BLOCKS = YES;
				GCC_WARN_64_TO_32_BIT_CONVERSION = YES;
				GCC_WARN_ABOUT_RETURN_TYPE = YES_ERROR;
				GCC_WARN_UNDECLARED_SELECTOR = YES;
				GCC_WARN_UNINITIALIZED_AUTOS = YES_AGGRESSIVE;
				GCC_WARN_UNUSED_FUNCTION = YES;
				GCC_WARN_UNUSED_VARIABLE = YES;
				MACOSX_DEPLOYMENT_TARGET = 10.12;
				MTL_ENABLE_DEBUG_INFO = NO;
				SDKROOT = macosx;
			};
			name = Release;
		};
		BAAF52391E382E2900A2ECCE /* Debug */ = {
			isa = XCBuildConfiguration;
			buildSettings = {
				COMBINE_HIDPI_IMAGES = YES;
				DEVELOPMENT_TEAM = R78QNQ6ACJ;
				INFOPLIST_FILE = UnityPlugin/Info.plist;
				INSTALL_PATH = "$(LOCAL_LIBRARY_DIR)/Bundles";
				PRODUCT_BUNDLE_IDENTIFIER = com.utj.UnityPlugin;
				PRODUCT_NAME = "$(TARGET_NAME)";
				SKIP_INSTALL = YES;
				WRAPPER_EXTENSION = bundle;
			};
			name = Debug;
		};
		BAAF523A1E382E2900A2ECCE /* Release */ = {
			isa = XCBuildConfiguration;
			buildSettings = {
				COMBINE_HIDPI_IMAGES = YES;
				DEVELOPMENT_TEAM = R78QNQ6ACJ;
				INFOPLIST_FILE = UnityPlugin/Info.plist;
				INSTALL_PATH = "$(LOCAL_LIBRARY_DIR)/Bundles";
				PRODUCT_BUNDLE_IDENTIFIER = com.utj.UnityPlugin;
				PRODUCT_NAME = "$(TARGET_NAME)";
				SKIP_INSTALL = YES;
				WRAPPER_EXTENSION = bundle;
			};
			name = Release;
		};
/* End XCBuildConfiguration section */

/* Begin XCConfigurationList section */
		BAAF522D1E382E2900A2ECCE /* Build configuration list for PBXProject "UnityPlugin" */ = {
			isa = XCConfigurationList;
			buildConfigurations = (
				BAAF52361E382E2900A2ECCE /* Debug */,
				BAAF52371E382E2900A2ECCE /* Release */,
			);
			defaultConfigurationIsVisible = 0;
			defaultConfigurationName = Release;
		};
		BAAF52381E382E2900A2ECCE /* Build configuration list for PBXNativeTarget "UnityPlugin" */ = {
			isa = XCConfigurationList;
			buildConfigurations = (
				BAAF52391E382E2900A2ECCE /* Debug */,
				BAAF523A1E382E2900A2ECCE /* Release */,
			);
			defaultConfigurationIsVisible = 0;
			defaultConfigurationName = Release;
		};
/* End XCConfigurationList section */
	};
	rootObject = BAAF522A1E382E2900A2ECCE /* Project object */;
}
